PODS:
  - CJNetwork/CJCacheManager (0.1.3)
  - FMDB (2.6.2):
    - FMDB/standard (= 2.6.2)
  - FMDB/standard (2.6.2)

DEPENDENCIES:
  - CJNetwork/CJCacheManager (~> 0.1.3)
  - FMDB (~> 2.6.2)

SPEC CHECKSUMS:
  CJNetwork: 7e510d8951e95bc919054a9c536dbf5a3e491561
  FMDB: 854a0341b4726e53276f2a8996f06f1b80f9259a

PODFILE CHECKSUM: 5349c006a033656afe80f02fe32701d469c7fdde

COCOAPODS: 1.4.0.beta.1
